
Microsoft Visual Studio Solution File, Format Version 12.00
# Visual Studio 15
VisualStudioVersion = 15.0.28307.1433
MinimumVisualStudioVersion = 10.0.40219.1
Project("{FAE04EC0-301F-11D3-BF4B-00C04F79EFBC}") = "6.C sharp Averages", "6.C sharp Averages\6.C sharp Averages.csproj", "{9B59E596-97B9-4DD7-86FE-7D394D904CED}"
EndProject
Global
	GlobalSection(SolutionConfigurationPlatforms) = preSolution
		Debug|Any CPU = Debug|Any CPU
		Release|Any CPU = Release|Any CPU
	EndGlobalSection
	GlobalSection(ProjectConfigurationPlatforms) = postSolution
		{9B59E596-97B9-4DD7-86FE-7D394D904CED}.Debug|Any CPU.ActiveCfg = Debug|Any CPU
		{9B59E596-97B9-4DD7-86FE-7D394D904CED}.Debug|Any CPU.Build.0 = Debug|Any CPU
		{9B59E596-97B9-4DD7-86FE-7D394D904CED}.Release|Any CPU.ActiveCfg = Release|Any CPU
		{9B59E596-97B9-4DD7-86FE-7D394D904CED}.Release|Any CPU.Build.0 = Release|Any CPU
	EndGlobalSection
	GlobalSection(SolutionProperties) = preSolution
		HideSolutionNode = FALSE
	EndGlobalSection
	GlobalSection(ExtensibilityGlobals) = postSolution
		SolutionGuid = {0EE9AE8E-7851-4C52-BC40-A4DE873AA571}
	EndGlobalSection
EndGlobal
